
Microsoft Visual Studio Solution File, Format Version 12.00
#
Project("{2150E333-8FDC-42A3-9474-1A3956D46DE8}") = "Services", "Services", "{9B5DD705-2891-4A31-BBBD-1D6ECB6673F8}"
EndProject
Project("{2150E333-8FDC-42A3-9474-1A3956D46DE8}") = "Catalog", "Catalog", "{A3BF1D08-7401-4EA7-B478-471634132A7C}"
EndProject
Project("{FAE04EC0-301F-11D3-BF4B-00C04F79EFBC}") = "MultiShop.Catalog", "Services\Catalog\MultiShop.Catalog\MultiShop.Catalog.csproj", "{B628CF17-20CD-4FEB-B5B3-6A423B72A262}"
EndProject
Project("{2150E333-8FDC-42A3-9474-1A3956D46DE8}") = "Discount", "Discount", "{5D7C035A-D1BF-47F6-826C-BF0BD6CDE6F7}"
EndProject
Project("{FAE04EC0-301F-11D3-BF4B-00C04F79EFBC}") = "MultiShop.Discount", "Services\Discount\MultiShop.Discount\MultiShop.Discount.csproj", "{7BD00A8C-C331-44AF-9E95-B6E39F92C564}"
EndProject
Project("{2150E333-8FDC-42A3-9474-1A3956D46DE8}") = "Order", "Order", "{F6DE41B7-B84A-4C85-984E-82EB9DAA4A63}"
EndProject
Project("{2150E333-8FDC-42A3-9474-1A3956D46DE8}") = "Infrastructure", "Infrastructure", "{C0C332CD-78AD-4F88-8E4B-A5967D509D57}"
EndProject
Project("{2150E333-8FDC-42A3-9474-1A3956D46DE8}") = "Core", "Core", "{CC86FC45-A340-4936-B158-7E45198A1F19}"
EndProject
Project("{2150E333-8FDC-42A3-9474-1A3956D46DE8}") = "Presentation", "Presentation", "{A901C0D6-7046-4144-8897-F90D5C180991}"
EndProject
Project("{FAE04EC0-301F-11D3-BF4B-00C04F79EFBC}") = "MultiShop.Order.Application", "Services\Order\Core\MultiShop.Order.Application\MultiShop.Order.Application.csproj", "{E7EA8ECF-C6E2-4FDF-B8CF-E37215431662}"
EndProject
Project("{FAE04EC0-301F-11D3-BF4B-00C04F79EFBC}") = "MultiShop.Order.Domain", "Services\Order\Core\MultiShop.Order.Domain\MultiShop.Order.Domain.csproj", "{B9B6CA0B-5C46-4D7B-945C-34DA0765A736}"
EndProject
Project("{FAE04EC0-301F-11D3-BF4B-00C04F79EFBC}") = "MultiShop.Order.Persistence", "Services\Order\Infrastructure\MultiShop.Order.Persistence\MultiShop.Order.Persistence.csproj", "{16021C72-1700-40A9-81EA-520D6A77B264}"
EndProject
Project("{FAE04EC0-301F-11D3-BF4B-00C04F79EFBC}") = "MultiShop.Order.WebApi", "Services\Order\Presentation\MultiShop.Order.WebApi\MultiShop.Order.WebApi.csproj", "{AB0B3CEA-614A-4698-956E-A439DE8D92EA}"
EndProject
Project("{2150E333-8FDC-42A3-9474-1A3956D46DE8}") = "IdentityServer", "IdentityServer", "{32922BD5-D367-4A37-A675-13396E67F25F}"
EndProject
Project("{FAE04EC0-301F-11D3-BF4B-00C04F79EFBC}") = "MultiShop.IdentityServer", "IdentityServer\MultiShop.IdentityServer\MultiShop.IdentityServer.csproj", "{8432EC77-307A-4205-8E11-ED024C8C9301}"
EndProject
Project("{2150E333-8FDC-42A3-9474-1A3956D46DE8}") = "Cargo", "Cargo", "{89F3A309-0B46-47CC-92A7-322B8D05B276}"
EndProject
Project("{FAE04EC0-301F-11D3-BF4B-00C04F79EFBC}") = "MultiShop.Cargo.Entities", "Services\Cargo\MultiShop.Cargo.Entities\MultiShop.Cargo.Entities.csproj", "{359266D4-0BFF-441A-A229-A152E73E6255}"
EndProject
Project("{FAE04EC0-301F-11D3-BF4B-00C04F79EFBC}") = "MultiShop.Cargo.Business", "Services\Cargo\MultiShop.Cargo.Business\MultiShop.Cargo.Business.csproj", "{914F03EC-6F27-484E-B60F-97E61A6911E4}"
EndProject
Project("{FAE04EC0-301F-11D3-BF4B-00C04F79EFBC}") = "MultiShop.Cargo.DataAccess", "Services\Cargo\MultiShop.Cargo.DataAccess\MultiShop.Cargo.DataAccess.csproj", "{0023A347-7768-4E62-829B-A12BE30AB0D8}"
EndProject
Project("{FAE04EC0-301F-11D3-BF4B-00C04F79EFBC}") = "MultiShop.Cargo.Dtos", "Services\Cargo\MultiShop.Cargo.Dtos\MultiShop.Cargo.Dtos.csproj", "{273A15E3-3A9F-41F0-A2D0-FB53F98291E4}"
EndProject
Project("{FAE04EC0-301F-11D3-BF4B-00C04F79EFBC}") = "MultiShop.Cargo.WebApi", "Services\Cargo\MultiShop.Cargo.WebApi\MultiShop.Cargo.WebApi.csproj", "{853AC3EC-EBE6-4831-985D-06B89772174D}"
EndProject
Project("{2150E333-8FDC-42A3-9474-1A3956D46DE8}") = "Basket", "Basket", "{B7024BA3-89A2-491F-BC88-FD3B72466675}"
EndProject
Project("{FAE04EC0-301F-11D3-BF4B-00C04F79EFBC}") = "MultiShop.Basket", "Services\Basket\MultiShop.Basket\MultiShop.Basket.csproj", "{9B831B63-162D-45B8-9A19-8B0404966C34}"
EndProject
Project("{2150E333-8FDC-42A3-9474-1A3956D46DE8}") = "Frontends", "Frontends", "{D1153785-9FDB-4262-96CA-04A26EB6608E}"
EndProject
Project("{FAE04EC0-301F-11D3-BF4B-00C04F79EFBC}") = "MultiShop.WebUI", "Frontends\MultiShop.WebUI\MultiShop.WebUI.csproj", "{1B5610DE-6401-4A69-91F8-938DDB75B020}"
EndProject
Project("{FAE04EC0-301F-11D3-BF4B-00C04F79EFBC}") = "MultiShop.Dtos", "Frontends\MultiShop.Dtos\MultiShop.Dtos.csproj", "{D5EF1029-07D5-45F0-AB43-B099779D4CA3}"
EndProject
Project("{2150E333-8FDC-42A3-9474-1A3956D46DE8}") = "Comment", "Comment", "{2C040CB0-8D58-447F-AD49-428B49D88C98}"
EndProject
Project("{FAE04EC0-301F-11D3-BF4B-00C04F79EFBC}") = "MultiShop.Comment", "Services\Comment\MultiShop.Comment\MultiShop.Comment.csproj", "{180DC673-4F79-44D8-9DB9-5C506EF30439}"
EndProject
Project("{2150E333-8FDC-42A3-9474-1A3956D46DE8}") = "ApiGateway", "ApiGateway", "{10FFAF82-F1D3-468F-8395-9D8F6694813C}"
EndProject
Project("{FAE04EC0-301F-11D3-BF4B-00C04F79EFBC}") = "MultiShop.OcelotGateway", "ApiGateway\MultiShop.OcelotGateway\MultiShop.OcelotGateway.csproj", "{CBE23DFD-440E-43BE-901C-CE4A041DA4E1}"
EndProject
Project("{2150E333-8FDC-42A3-9474-1A3956D46DE8}") = "Message", "Message", "{9C310910-96D0-45C4-997F-4A0382D6949A}"
EndProject
Project("{FAE04EC0-301F-11D3-BF4B-00C04F79EFBC}") = "MultiShop.MessageBus", "Services\Message\MultiShop.MessageBus\MultiShop.MessageBus.csproj", "{DB462F4C-E661-42DA-9548-A1AF7F3348E6}"
EndProject
Project("{FAE04EC0-301F-11D3-BF4B-00C04F79EFBC}") = "MultiShop.OrderCreatedConsumer", "Services\Message\MultiShop.OrderCreatedConsumer\MultiShop.OrderCreatedConsumer.csproj", "{168CB832-3364-473F-8C1E-4508E1A95436}"
EndProject
Project("{2150E333-8FDC-42A3-9474-1A3956D46DE8}") = "Tests", "Tests", "{31AC54F7-C6DF-4726-B6D8-37C9D3A3B365}"
EndProject
Project("{FAE04EC0-301F-11D3-BF4B-00C04F79EFBC}") = "MultiShop.Basket.Tests", "Tests\MultiShop.Basket.Tests\MultiShop.Basket.Tests.csproj", "{A776E118-9D1A-426B-96DC-E490EC71107B}"
EndProject
Project("{FAE04EC0-301F-11D3-BF4B-00C04F79EFBC}") = "MultiShop.Order.Application.Tests", "Tests\MultiShop.Order.Application.Tests\MultiShop.Order.Application.Tests.csproj", "{DD106E5E-79C9-47D5-AC92-93462CD659DD}"
EndProject
Project("{FAE04EC0-301F-11D3-BF4B-00C04F79EFBC}") = "MultiShop.IdentityServer.Tests", "Tests\MultiShop.IdentityServer.Tests\MultiShop.IdentityServer.Tests.csproj", "{2DC69343-B83E-4BF3-96F4-1143BF0FB7F0}"
EndProject
Global
	GlobalSection(SolutionConfigurationPlatforms) = preSolution
		Debug|Any CPU = Debug|Any CPU
		Release|Any CPU = Release|Any CPU
	EndGlobalSection
	GlobalSection(ProjectConfigurationPlatforms) = postSolution
		{B628CF17-20CD-4FEB-B5B3-6A423B72A262}.Debug|Any CPU.ActiveCfg = Debug|Any CPU
		{B628CF17-20CD-4FEB-B5B3-6A423B72A262}.Debug|Any CPU.Build.0 = Debug|Any CPU
		{B628CF17-20CD-4FEB-B5B3-6A423B72A262}.Release|Any CPU.ActiveCfg = Release|Any CPU
		{B628CF17-20CD-4FEB-B5B3-6A423B72A262}.Release|Any CPU.Build.0 = Release|Any CPU
		{7BD00A8C-C331-44AF-9E95-B6E39F92C564}.Debug|Any CPU.ActiveCfg = Debug|Any CPU
		{7BD00A8C-C331-44AF-9E95-B6E39F92C564}.Debug|Any CPU.Build.0 = Debug|Any CPU
		{7BD00A8C-C331-44AF-9E95-B6E39F92C564}.Release|Any CPU.ActiveCfg = Release|Any CPU
		{7BD00A8C-C331-44AF-9E95-B6E39F92C564}.Release|Any CPU.Build.0 = Release|Any CPU
		{E7EA8ECF-C6E2-4FDF-B8CF-E37215431662}.Debug|Any CPU.ActiveCfg = Debug|Any CPU
		{E7EA8ECF-C6E2-4FDF-B8CF-E37215431662}.Debug|Any CPU.Build.0 = Debug|Any CPU
		{E7EA8ECF-C6E2-4FDF-B8CF-E37215431662}.Release|Any CPU.ActiveCfg = Release|Any CPU
		{E7EA8ECF-C6E2-4FDF-B8CF-E37215431662}.Release|Any CPU.Build.0 = Release|Any CPU
		{B9B6CA0B-5C46-4D7B-945C-34DA0765A736}.Debug|Any CPU.ActiveCfg = Debug|Any CPU
		{B9B6CA0B-5C46-4D7B-945C-34DA0765A736}.Debug|Any CPU.Build.0 = Debug|Any CPU
		{B9B6CA0B-5C46-4D7B-945C-34DA0765A736}.Release|Any CPU.ActiveCfg = Release|Any CPU
		{B9B6CA0B-5C46-4D7B-945C-34DA0765A736}.Release|Any CPU.Build.0 = Release|Any CPU
		{16021C72-1700-40A9-81EA-520D6A77B264}.Debug|Any CPU.ActiveCfg = Debug|Any CPU
		{16021C72-1700-40A9-81EA-520D6A77B264}.Debug|Any CPU.Build.0 = Debug|Any CPU
		{16021C72-1700-40A9-81EA-520D6A77B264}.Release|Any CPU.ActiveCfg = Release|Any CPU
		{16021C72-1700-40A9-81EA-520D6A77B264}.Release|Any CPU.Build.0 = Release|Any CPU
		{AB0B3CEA-614A-4698-956E-A439DE8D92EA}.Debug|Any CPU.ActiveCfg = Debug|Any CPU
		{AB0B3CEA-614A-4698-956E-A439DE8D92EA}.Debug|Any CPU.Build.0 = Debug|Any CPU
		{AB0B3CEA-614A-4698-956E-A439DE8D92EA}.Release|Any CPU.ActiveCfg = Release|Any CPU
		{AB0B3CEA-614A-4698-956E-A439DE8D92EA}.Release|Any CPU.Build.0 = Release|Any CPU
		{8432EC77-307A-4205-8E11-ED024C8C9301}.Debug|Any CPU.ActiveCfg = Debug|Any CPU
		{8432EC77-307A-4205-8E11-ED024C8C9301}.Debug|Any CPU.Build.0 = Debug|Any CPU
		{8432EC77-307A-4205-8E11-ED024C8C9301}.Release|Any CPU.ActiveCfg = Release|Any CPU
		{8432EC77-307A-4205-8E11-ED024C8C9301}.Release|Any CPU.Build.0 = Release|Any CPU
		{359266D4-0BFF-441A-A229-A152E73E6255}.Debug|Any CPU.ActiveCfg = Debug|Any CPU
		{359266D4-0BFF-441A-A229-A152E73E6255}.Debug|Any CPU.Build.0 = Debug|Any CPU
		{359266D4-0BFF-441A-A229-A152E73E6255}.Release|Any CPU.ActiveCfg = Release|Any CPU
		{359266D4-0BFF-441A-A229-A152E73E6255}.Release|Any CPU.Build.0 = Release|Any CPU
		{914F03EC-6F27-484E-B60F-97E61A6911E4}.Debug|Any CPU.ActiveCfg = Debug|Any CPU
		{914F03EC-6F27-484E-B60F-97E61A6911E4}.Debug|Any CPU.Build.0 = Debug|Any CPU
		{914F03EC-6F27-484E-B60F-97E61A6911E4}.Release|Any CPU.ActiveCfg = Release|Any CPU
		{914F03EC-6F27-484E-B60F-97E61A6911E4}.Release|Any CPU.Build.0 = Release|Any CPU
		{0023A347-7768-4E62-829B-A12BE30AB0D8}.Debug|Any CPU.ActiveCfg = Debug|Any CPU
		{0023A347-7768-4E62-829B-A12BE30AB0D8}.Debug|Any CPU.Build.0 = Debug|Any CPU
		{0023A347-7768-4E62-829B-A12BE30AB0D8}.Release|Any CPU.ActiveCfg = Release|Any CPU
		{0023A347-7768-4E62-829B-A12BE30AB0D8}.Release|Any CPU.Build.0 = Release|Any CPU
		{273A15E3-3A9F-41F0-A2D0-FB53F98291E4}.Debug|Any CPU.ActiveCfg = Debug|Any CPU
		{273A15E3-3A9F-41F0-A2D0-FB53F98291E4}.Debug|Any CPU.Build.0 = Debug|Any CPU
		{273A15E3-3A9F-41F0-A2D0-FB53F98291E4}.Release|Any CPU.ActiveCfg = Release|Any CPU
		{273A15E3-3A9F-41F0-A2D0-FB53F98291E4}.Release|Any CPU.Build.0 = Release|Any CPU
		{853AC3EC-EBE6-4831-985D-06B89772174D}.Debug|Any CPU.ActiveCfg = Debug|Any CPU
		{853AC3EC-EBE6-4831-985D-06B89772174D}.Debug|Any CPU.Build.0 = Debug|Any CPU
		{853AC3EC-EBE6-4831-985D-06B89772174D}.Release|Any CPU.ActiveCfg = Release|Any CPU
		{853AC3EC-EBE6-4831-985D-06B89772174D}.Release|Any CPU.Build.0 = Release|Any CPU
		{9B831B63-162D-45B8-9A19-8B0404966C34}.Debug|Any CPU.ActiveCfg = Debug|Any CPU
		{9B831B63-162D-45B8-9A19-8B0404966C34}.Debug|Any CPU.Build.0 = Debug|Any CPU
		{9B831B63-162D-45B8-9A19-8B0404966C34}.Release|Any CPU.ActiveCfg = Release|Any CPU
		{9B831B63-162D-45B8-9A19-8B0404966C34}.Release|Any CPU.Build.0 = Release|Any CPU
		{1B5610DE-6401-4A69-91F8-938DDB75B020}.Debug|Any CPU.ActiveCfg = Debug|Any CPU
		{1B5610DE-6401-4A69-91F8-938DDB75B020}.Debug|Any CPU.Build.0 = Debug|Any CPU
		{1B5610DE-6401-4A69-91F8-938DDB75B020}.Release|Any CPU.ActiveCfg = Release|Any CPU
		{1B5610DE-6401-4A69-91F8-938DDB75B020}.Release|Any CPU.Build.0 = Release|Any CPU
		{D5EF1029-07D5-45F0-AB43-B099779D4CA3}.Debug|Any CPU.ActiveCfg = Debug|Any CPU
		{D5EF1029-07D5-45F0-AB43-B099779D4CA3}.Debug|Any CPU.Build.0 = Debug|Any CPU
		{D5EF1029-07D5-45F0-AB43-B099779D4CA3}.Release|Any CPU.ActiveCfg = Release|Any CPU
		{D5EF1029-07D5-45F0-AB43-B099779D4CA3}.Release|Any CPU.Build.0 = Release|Any CPU
		{180DC673-4F79-44D8-9DB9-5C506EF30439}.Debug|Any CPU.ActiveCfg = Debug|Any CPU
		{180DC673-4F79-44D8-9DB9-5C506EF30439}.Debug|Any CPU.Build.0 = Debug|Any CPU
		{180DC673-4F79-44D8-9DB9-5C506EF30439}.Release|Any CPU.ActiveCfg = Release|Any CPU
		{180DC673-4F79-44D8-9DB9-5C506EF30439}.Release|Any CPU.Build.0 = Release|Any CPU
		{CBE23DFD-440E-43BE-901C-CE4A041DA4E1}.Debug|Any CPU.ActiveCfg = Debug|Any CPU
		{CBE23DFD-440E-43BE-901C-CE4A041DA4E1}.Debug|Any CPU.Build.0 = Debug|Any CPU
		{CBE23DFD-440E-43BE-901C-CE4A041DA4E1}.Release|Any CPU.ActiveCfg = Release|Any CPU
		{CBE23DFD-440E-43BE-901C-CE4A041DA4E1}.Release|Any CPU.Build.0 = Release|Any CPU
		{DB462F4C-E661-42DA-9548-A1AF7F3348E6}.Debug|Any CPU.ActiveCfg = Debug|Any CPU
		{DB462F4C-E661-42DA-9548-A1AF7F3348E6}.Debug|Any CPU.Build.0 = Debug|Any CPU
		{DB462F4C-E661-42DA-9548-A1AF7F3348E6}.Release|Any CPU.ActiveCfg = Release|Any CPU
		{DB462F4C-E661-42DA-9548-A1AF7F3348E6}.Release|Any CPU.Build.0 = Release|Any CPU
		{168CB832-3364-473F-8C1E-4508E1A95436}.Debug|Any CPU.ActiveCfg = Debug|Any CPU
		{168CB832-3364-473F-8C1E-4508E1A95436}.Debug|Any CPU.Build.0 = Debug|Any CPU
		{168CB832-3364-473F-8C1E-4508E1A95436}.Release|Any CPU.ActiveCfg = Release|Any CPU
		{168CB832-3364-473F-8C1E-4508E1A95436}.Release|Any CPU.Build.0 = Release|Any CPU
		{A776E118-9D1A-426B-96DC-E490EC71107B}.Debug|Any CPU.ActiveCfg = Debug|Any CPU
		{A776E118-9D1A-426B-96DC-E490EC71107B}.Debug|Any CPU.Build.0 = Debug|Any CPU
		{A776E118-9D1A-426B-96DC-E490EC71107B}.Release|Any CPU.ActiveCfg = Release|Any CPU
		{A776E118-9D1A-426B-96DC-E490EC71107B}.Release|Any CPU.Build.0 = Release|Any CPU
		{DD106E5E-79C9-47D5-AC92-93462CD659DD}.Debug|Any CPU.ActiveCfg = Debug|Any CPU
		{DD106E5E-79C9-47D5-AC92-93462CD659DD}.Debug|Any CPU.Build.0 = Debug|Any CPU
		{DD106E5E-79C9-47D5-AC92-93462CD659DD}.Release|Any CPU.ActiveCfg = Release|Any CPU
		{DD106E5E-79C9-47D5-AC92-93462CD659DD}.Release|Any CPU.Build.0 = Release|Any CPU
		{2DC69343-B83E-4BF3-96F4-1143BF0FB7F0}.Debug|Any CPU.ActiveCfg = Debug|Any CPU
		{2DC69343-B83E-4BF3-96F4-1143BF0FB7F0}.Debug|Any CPU.Build.0 = Debug|Any CPU
		{2DC69343-B83E-4BF3-96F4-1143BF0FB7F0}.Release|Any CPU.ActiveCfg = Release|Any CPU
		{2DC69343-B83E-4BF3-96F4-1143BF0FB7F0}.Release|Any CPU.Build.0 = Release|Any CPU
	EndGlobalSection
	GlobalSection(NestedProjects) = preSolution
		{A3BF1D08-7401-4EA7-B478-471634132A7C} = {9B5DD705-2891-4A31-BBBD-1D6ECB6673F8}
		{B628CF17-20CD-4FEB-B5B3-6A423B72A262} = {A3BF1D08-7401-4EA7-B478-471634132A7C}
		{5D7C035A-D1BF-47F6-826C-BF0BD6CDE6F7} = {9B5DD705-2891-4A31-BBBD-1D6ECB6673F8}
		{7BD00A8C-C331-44AF-9E95-B6E39F92C564} = {5D7C035A-D1BF-47F6-826C-BF0BD6CDE6F7}
		{F6DE41B7-B84A-4C85-984E-82EB9DAA4A63} = {9B5DD705-2891-4A31-BBBD-1D6ECB6673F8}
		{C0C332CD-78AD-4F88-8E4B-A5967D509D57} = {F6DE41B7-B84A-4C85-984E-82EB9DAA4A63}
		{CC86FC45-A340-4936-B158-7E45198A1F19} = {F6DE41B7-B84A-4C85-984E-82EB9DAA4A63}
		{A901C0D6-7046-4144-8897-F90D5C180991} = {F6DE41B7-B84A-4C85-984E-82EB9DAA4A63}
		{E7EA8ECF-C6E2-4FDF-B8CF-E37215431662} = {CC86FC45-A340-4936-B158-7E45198A1F19}
		{B9B6CA0B-5C46-4D7B-945C-34DA0765A736} = {CC86FC45-A340-4936-B158-7E45198A1F19}
		{16021C72-1700-40A9-81EA-520D6A77B264} = {C0C332CD-78AD-4F88-8E4B-A5967D509D57}
		{AB0B3CEA-614A-4698-956E-A439DE8D92EA} = {A901C0D6-7046-4144-8897-F90D5C180991}
		{8432EC77-307A-4205-8E11-ED024C8C9301} = {32922BD5-D367-4A37-A675-13396E67F25F}
		{89F3A309-0B46-47CC-92A7-322B8D05B276} = {9B5DD705-2891-4A31-BBBD-1D6ECB6673F8}
		{359266D4-0BFF-441A-A229-A152E73E6255} = {89F3A309-0B46-47CC-92A7-322B8D05B276}
		{914F03EC-6F27-484E-B60F-97E61A6911E4} = {89F3A309-0B46-47CC-92A7-322B8D05B276}
		{0023A347-7768-4E62-829B-A12BE30AB0D8} = {89F3A309-0B46-47CC-92A7-322B8D05B276}
		{273A15E3-3A9F-41F0-A2D0-FB53F98291E4} = {89F3A309-0B46-47CC-92A7-322B8D05B276}
		{853AC3EC-EBE6-4831-985D-06B89772174D} = {89F3A309-0B46-47CC-92A7-322B8D05B276}
		{B7024BA3-89A2-491F-BC88-FD3B72466675} = {9B5DD705-2891-4A31-BBBD-1D6ECB6673F8}
		{9B831B63-162D-45B8-9A19-8B0404966C34} = {B7024BA3-89A2-491F-BC88-FD3B72466675}
		{1B5610DE-6401-4A69-91F8-938DDB75B020} = {D1153785-9FDB-4262-96CA-04A26EB6608E}
		{D5EF1029-07D5-45F0-AB43-B099779D4CA3} = {D1153785-9FDB-4262-96CA-04A26EB6608E}
		{2C040CB0-8D58-447F-AD49-428B49D88C98} = {9B5DD705-2891-4A31-BBBD-1D6ECB6673F8}
		{180DC673-4F79-44D8-9DB9-5C506EF30439} = {2C040CB0-8D58-447F-AD49-428B49D88C98}
		{CBE23DFD-440E-43BE-901C-CE4A041DA4E1} = {10FFAF82-F1D3-468F-8395-9D8F6694813C}
		{9C310910-96D0-45C4-997F-4A0382D6949A} = {9B5DD705-2891-4A31-BBBD-1D6ECB6673F8}
		{DB462F4C-E661-42DA-9548-A1AF7F3348E6} = {9C310910-96D0-45C4-997F-4A0382D6949A}
		{168CB832-3364-473F-8C1E-4508E1A95436} = {9C310910-96D0-45C4-997F-4A0382D6949A}
		{A776E118-9D1A-426B-96DC-E490EC71107B} = {31AC54F7-C6DF-4726-B6D8-37C9D3A3B365}
		{DD106E5E-79C9-47D5-AC92-93462CD659DD} = {31AC54F7-C6DF-4726-B6D8-37C9D3A3B365}
		{2DC69343-B83E-4BF3-96F4-1143BF0FB7F0} = {31AC54F7-C6DF-4726-B6D8-37C9D3A3B365}
	EndGlobalSection
EndGlobal
