
Microsoft Visual Studio Solution File, Format Version 12.00
Project("{2150E333-8FDC-42A3-9474-1A3956D46DE8}") = "Services", "Services", "{9B5DD705-2891-4A31-BBBD-1D6ECB6673F8}"
EndProject
Project("{2150E333-8FDC-42A3-9474-1A3956D46DE8}") = "Catalog", "Catalog", "{A3BF1D08-7401-4EA7-B478-471634132A7C}"
EndProject
Project("{FAE04EC0-301F-11D3-BF4B-00C04F79EFBC}") = "MultiShop.Catalog", "Services\Catalog\MultiShop.Catalog\MultiShop.Catalog.csproj", "{B628CF17-20CD-4FEB-B5B3-6A423B72A262}"
EndProject
Project("{2150E333-8FDC-42A3-9474-1A3956D46DE8}") = "Discount", "Discount", "{5D7C035A-D1BF-47F6-826C-BF0BD6CDE6F7}"
EndProject
Project("{FAE04EC0-301F-11D3-BF4B-00C04F79EFBC}") = "MultiShop.Discount", "Services\Discount\MultiShop.Discount\MultiShop.Discount.csproj", "{7BD00A8C-C331-44AF-9E95-B6E39F92C564}"
EndProject
Project("{2150E333-8FDC-42A3-9474-1A3956D46DE8}") = "Order", "Order", "{F6DE41B7-B84A-4C85-984E-82EB9DAA4A63}"
EndProject
Project("{2150E333-8FDC-42A3-9474-1A3956D46DE8}") = "Infrastructure", "Infrastructure", "{C0C332CD-78AD-4F88-8E4B-A5967D509D57}"
EndProject
Project("{2150E333-8FDC-42A3-9474-1A3956D46DE8}") = "Core", "Core", "{CC86FC45-A340-4936-B158-7E45198A1F19}"
EndProject
Project("{2150E333-8FDC-42A3-9474-1A3956D46DE8}") = "Presentation", "Presentation", "{A901C0D6-7046-4144-8897-F90D5C180991}"
EndProject
Project("{FAE04EC0-301F-11D3-BF4B-00C04F79EFBC}") = "MultiShop.Order.Application", "Services\Order\Core\MultiShop.Order.Application\MultiShop.Order.Application.csproj", "{E7EA8ECF-C6E2-4FDF-B8CF-E37215431662}"
EndProject
Project("{FAE04EC0-301F-11D3-BF4B-00C04F79EFBC}") = "MultiShop.Order.Domain", "Services\Order\Core\MultiShop.Order.Domain\MultiShop.Order.Domain.csproj", "{B9B6CA0B-5C46-4D7B-945C-34DA0765A736}"
EndProject
Project("{FAE04EC0-301F-11D3-BF4B-00C04F79EFBC}") = "MultiShop.Order.Persistence", "Services\Order\Infrastructure\MultiShop.Order.Persistence\MultiShop.Order.Persistence.csproj", "{16021C72-1700-40A9-81EA-520D6A77B264}"
EndProject
Project("{FAE04EC0-301F-11D3-BF4B-00C04F79EFBC}") = "MultiShop.Order.WebApi", "Services\Order\Presentation\MultiShop.Order.WebApi\MultiShop.Order.WebApi.csproj", "{AB0B3CEA-614A-4698-956E-A439DE8D92EA}"
EndProject
Project("{2150E333-8FDC-42A3-9474-1A3956D46DE8}") = "IdentityServer", "IdentityServer", "{32922BD5-D367-4A37-A675-13396E67F25F}"
EndProject
Project("{FAE04EC0-301F-11D3-BF4B-00C04F79EFBC}") = "MultiShop.IdentityServer", "IdentityServer\MultiShop.IdentityServer\MultiShop.IdentityServer.csproj", "{8432EC77-307A-4205-8E11-ED024C8C9301}"
EndProject
Global
	GlobalSection(SolutionConfigurationPlatforms) = preSolution
		Debug|Any CPU = Debug|Any CPU
		Release|Any CPU = Release|Any CPU
	EndGlobalSection
	GlobalSection(ProjectConfigurationPlatforms) = postSolution
		{B628CF17-20CD-4FEB-B5B3-6A423B72A262}.Debug|Any CPU.ActiveCfg = Debug|Any CPU
		{B628CF17-20CD-4FEB-B5B3-6A423B72A262}.Debug|Any CPU.Build.0 = Debug|Any CPU
		{B628CF17-20CD-4FEB-B5B3-6A423B72A262}.Release|Any CPU.ActiveCfg = Release|Any CPU
		{B628CF17-20CD-4FEB-B5B3-6A423B72A262}.Release|Any CPU.Build.0 = Release|Any CPU
		{7BD00A8C-C331-44AF-9E95-B6E39F92C564}.Debug|Any CPU.ActiveCfg = Debug|Any CPU
		{7BD00A8C-C331-44AF-9E95-B6E39F92C564}.Debug|Any CPU.Build.0 = Debug|Any CPU
		{7BD00A8C-C331-44AF-9E95-B6E39F92C564}.Release|Any CPU.ActiveCfg = Release|Any CPU
		{7BD00A8C-C331-44AF-9E95-B6E39F92C564}.Release|Any CPU.Build.0 = Release|Any CPU
		{E7EA8ECF-C6E2-4FDF-B8CF-E37215431662}.Debug|Any CPU.ActiveCfg = Debug|Any CPU
		{E7EA8ECF-C6E2-4FDF-B8CF-E37215431662}.Debug|Any CPU.Build.0 = Debug|Any CPU
		{E7EA8ECF-C6E2-4FDF-B8CF-E37215431662}.Release|Any CPU.ActiveCfg = Release|Any CPU
		{E7EA8ECF-C6E2-4FDF-B8CF-E37215431662}.Release|Any CPU.Build.0 = Release|Any CPU
		{B9B6CA0B-5C46-4D7B-945C-34DA0765A736}.Debug|Any CPU.ActiveCfg = Debug|Any CPU
		{B9B6CA0B-5C46-4D7B-945C-34DA0765A736}.Debug|Any CPU.Build.0 = Debug|Any CPU
		{B9B6CA0B-5C46-4D7B-945C-34DA0765A736}.Release|Any CPU.ActiveCfg = Release|Any CPU
		{B9B6CA0B-5C46-4D7B-945C-34DA0765A736}.Release|Any CPU.Build.0 = Release|Any CPU
		{16021C72-1700-40A9-81EA-520D6A77B264}.Debug|Any CPU.ActiveCfg = Debug|Any CPU
		{16021C72-1700-40A9-81EA-520D6A77B264}.Debug|Any CPU.Build.0 = Debug|Any CPU
		{16021C72-1700-40A9-81EA-520D6A77B264}.Release|Any CPU.ActiveCfg = Release|Any CPU
		{16021C72-1700-40A9-81EA-520D6A77B264}.Release|Any CPU.Build.0 = Release|Any CPU
		{AB0B3CEA-614A-4698-956E-A439DE8D92EA}.Debug|Any CPU.ActiveCfg = Debug|Any CPU
		{AB0B3CEA-614A-4698-956E-A439DE8D92EA}.Debug|Any CPU.Build.0 = Debug|Any CPU
		{AB0B3CEA-614A-4698-956E-A439DE8D92EA}.Release|Any CPU.ActiveCfg = Release|Any CPU
		{AB0B3CEA-614A-4698-956E-A439DE8D92EA}.Release|Any CPU.Build.0 = Release|Any CPU
		{8432EC77-307A-4205-8E11-ED024C8C9301}.Debug|Any CPU.ActiveCfg = Debug|Any CPU
		{8432EC77-307A-4205-8E11-ED024C8C9301}.Debug|Any CPU.Build.0 = Debug|Any CPU
		{8432EC77-307A-4205-8E11-ED024C8C9301}.Release|Any CPU.ActiveCfg = Release|Any CPU
		{8432EC77-307A-4205-8E11-ED024C8C9301}.Release|Any CPU.Build.0 = Release|Any CPU
	EndGlobalSection
	GlobalSection(NestedProjects) = preSolution
		{A3BF1D08-7401-4EA7-B478-471634132A7C} = {9B5DD705-2891-4A31-BBBD-1D6ECB6673F8}
		{B628CF17-20CD-4FEB-B5B3-6A423B72A262} = {A3BF1D08-7401-4EA7-B478-471634132A7C}
		{5D7C035A-D1BF-47F6-826C-BF0BD6CDE6F7} = {9B5DD705-2891-4A31-BBBD-1D6ECB6673F8}
		{7BD00A8C-C331-44AF-9E95-B6E39F92C564} = {5D7C035A-D1BF-47F6-826C-BF0BD6CDE6F7}
		{F6DE41B7-B84A-4C85-984E-82EB9DAA4A63} = {9B5DD705-2891-4A31-BBBD-1D6ECB6673F8}
		{C0C332CD-78AD-4F88-8E4B-A5967D509D57} = {F6DE41B7-B84A-4C85-984E-82EB9DAA4A63}
		{CC86FC45-A340-4936-B158-7E45198A1F19} = {F6DE41B7-B84A-4C85-984E-82EB9DAA4A63}
		{A901C0D6-7046-4144-8897-F90D5C180991} = {F6DE41B7-B84A-4C85-984E-82EB9DAA4A63}
		{E7EA8ECF-C6E2-4FDF-B8CF-E37215431662} = {CC86FC45-A340-4936-B158-7E45198A1F19}
		{B9B6CA0B-5C46-4D7B-945C-34DA0765A736} = {CC86FC45-A340-4936-B158-7E45198A1F19}
		{16021C72-1700-40A9-81EA-520D6A77B264} = {C0C332CD-78AD-4F88-8E4B-A5967D509D57}
		{AB0B3CEA-614A-4698-956E-A439DE8D92EA} = {A901C0D6-7046-4144-8897-F90D5C180991}
		{8432EC77-307A-4205-8E11-ED024C8C9301} = {32922BD5-D367-4A37-A675-13396E67F25F}
	EndGlobalSection
EndGlobal
